// !$*UTF8*$!
{
	archiveVersion = 1;
	classes = {
	};
	objectVersion = 46;
	objects = {

/* Begin PBXBuildFile section */
		91214D7F1D3E6A8B004DBE39 /* StorageModel.swift in Sources */ = {isa = PBXBuildFile; fileRef = 91214D7E1D3E6A8B004DBE39 /* StorageModel.swift */; };
		913FC44F1D26B2A10013CF6E /* AppDelegate.swift in Sources */ = {isa = PBXBuildFile; fileRef = 913FC44E1D26B2A10013CF6E /* AppDelegate.swift */; };
		913FC4541D26B2A10013CF6E /* Main.storyboard in Resources */ = {isa = PBXBuildFile; fileRef = 913FC4521D26B2A10013CF6E /* Main.storyboard */; };
		913FC4571D26B2A10013CF6E /* On_the_Map.xcdatamodeld in Sources */ = {isa = PBXBuildFile; fileRef = 913FC4551D26B2A10013CF6E /* On_the_Map.xcdatamodeld */; };
		913FC4591D26B2A10013CF6E /* Assets.xcassets in Resources */ = {isa = PBXBuildFile; fileRef = 913FC4581D26B2A10013CF6E /* Assets.xcassets */; };
		913FC45C1D26B2A10013CF6E /* LaunchScreen.storyboard in Resources */ = {isa = PBXBuildFile; fileRef = 913FC45A1D26B2A10013CF6E /* LaunchScreen.storyboard */; };
		9180A8951D2BF7110022898B /* LoginViewController.swift in Sources */ = {isa = PBXBuildFile; fileRef = 9180A8941D2BF7110022898B /* LoginViewController.swift */; };
		9180A8971D2BFC630022898B /* MapViewController.swift in Sources */ = {isa = PBXBuildFile; fileRef = 9180A8961D2BFC630022898B /* MapViewController.swift */; };
		9180A89B1D2C2F8D0022898B /* MapKit.framework in Frameworks */ = {isa = PBXBuildFile; fileRef = 9180A89A1D2C2F8D0022898B /* MapKit.framework */; };
		9180A89D1D2C35BF0022898B /* TabBarController.swift in Sources */ = {isa = PBXBuildFile; fileRef = 9180A89C1D2C35BF0022898B /* TabBarController.swift */; };
		91D8EB751D2EE29B0041998E /* PinTableViewController.swift in Sources */ = {isa = PBXBuildFile; fileRef = 91D8EB741D2EE29B0041998E /* PinTableViewController.swift */; };
		91D8EB7B1D3005E90041998E /* InformationPostingViewController.swift in Sources */ = {isa = PBXBuildFile; fileRef = 91D8EB7A1D3005E90041998E /* InformationPostingViewController.swift */; };
		91D8EB7D1D3021A80041998E /* SubmitPostingViewController.swift in Sources */ = {isa = PBXBuildFile; fileRef = 91D8EB7C1D3021A80041998E /* SubmitPostingViewController.swift */; };
		91D8EB7F1D341F2E0041998E /* StringExtension.swift in Sources */ = {isa = PBXBuildFile; fileRef = 91D8EB7E1D341F2E0041998E /* StringExtension.swift */; };
		91D8EB831D344B1B0041998E /* ConvenienceFunctions.swift in Sources */ = {isa = PBXBuildFile; fileRef = 91D8EB821D344B1B0041998E /* ConvenienceFunctions.swift */; };
		91D8EB851D3544780041998E /* StudentInformation.swift in Sources */ = {isa = PBXBuildFile; fileRef = 91D8EB841D3544780041998E /* StudentInformation.swift */; };
		91D8EB871D3814D00041998E /* GCDBlackBox.swift in Sources */ = {isa = PBXBuildFile; fileRef = 91D8EB861D3814D00041998E /* GCDBlackBox.swift */; };
		91D8EB8A1D3816000041998E /* ParseClient.swift in Sources */ = {isa = PBXBuildFile; fileRef = 91D8EB891D3816000041998E /* ParseClient.swift */; };
		91D8EB901D3942480041998E /* ParseConstants.swift in Sources */ = {isa = PBXBuildFile; fileRef = 91D8EB8F1D3942480041998E /* ParseConstants.swift */; };
		91D8EB921D395CC00041998E /* ParseConvenience.swift in Sources */ = {isa = PBXBuildFile; fileRef = 91D8EB911D395CC00041998E /* ParseConvenience.swift */; };
		91D8EB961D39847D0041998E /* UdacityClient.swift in Sources */ = {isa = PBXBuildFile; fileRef = 91D8EB951D39847D0041998E /* UdacityClient.swift */; };
		91D8EB981D3987470041998E /* UdacityConstants.swift in Sources */ = {isa = PBXBuildFile; fileRef = 91D8EB971D3987470041998E /* UdacityConstants.swift */; };
		91D8EB9A1D3992160041998E /* UdacityConvenience.swift in Sources */ = {isa = PBXBuildFile; fileRef = 91D8EB991D3992160041998E /* UdacityConvenience.swift */; };
/* End PBXBuildFile section */

/* Begin PBXContainerItemProxy section */
		913FC4631D26B2A10013CF6E /* PBXContainerItemProxy */ = {
			isa = PBXContainerItemProxy;
			containerPortal = 913FC4431D26B2A10013CF6E /* Project object */;
			proxyType = 1;
			remoteGlobalIDString = 913FC44A1D26B2A10013CF6E;
			remoteInfo = "On the Map";
		};
		913FC46E1D26B2A10013CF6E /* PBXContainerItemProxy */ = {
			isa = PBXContainerItemProxy;
			containerPortal = 913FC4431D26B2A10013CF6E /* Project object */;
			proxyType = 1;
			remoteGlobalIDString = 913FC44A1D26B2A10013CF6E;
			remoteInfo = "On the Map";
		};
/* End PBXContainerItemProxy section */

/* Begin PBXFileReference section */
		91214D7E1D3E6A8B004DBE39 /* StorageModel.swift */ = {isa = PBXFileReference; fileEncoding = 4; lastKnownFileType = sourcecode.swift; path = StorageModel.swift; sourceTree = "<group>"; };
		913FC44B1D26B2A10013CF6E /* On the Map.app */ = {isa = PBXFileReference; explicitFileType = wrapper.application; includeInIndex = 0; path = "On the Map.app"; sourceTree = BUILT_PRODUCTS_DIR; };
		913FC44E1D26B2A10013CF6E /* AppDelegate.swift */ = {isa = PBXFileReference; lastKnownFileType = sourcecode.swift; path = AppDelegate.swift; sourceTree = "<group>"; };
		913FC4531D26B2A10013CF6E /* Base */ = {isa = PBXFileReference; lastKnownFileType = file.storyboard; name = Base; path = Base.lproj/Main.storyboard; sourceTree = "<group>"; };
		913FC4561D26B2A10013CF6E /* On_the_Map.xcdatamodel */ = {isa = PBXFileReference; lastKnownFileType = wrapper.xcdatamodel; path = On_the_Map.xcdatamodel; sourceTree = "<group>"; };
		913FC4581D26B2A10013CF6E /* Assets.xcassets */ = {isa = PBXFileReference; lastKnownFileType = folder.assetcatalog; path = Assets.xcassets; sourceTree = "<group>"; };
		913FC45B1D26B2A10013CF6E /* Base */ = {isa = PBXFileReference; lastKnownFileType = file.storyboard; name = Base; path = Base.lproj/LaunchScreen.storyboard; sourceTree = "<group>"; };
		913FC45D1D26B2A10013CF6E /* Info.plist */ = {isa = PBXFileReference; lastKnownFileType = text.plist.xml; path = Info.plist; sourceTree = "<group>"; };
		913FC4621D26B2A10013CF6E /* On the MapTests.xctest */ = {isa = PBXFileReference; explicitFileType = wrapper.cfbundle; includeInIndex = 0; path = "On the MapTests.xctest"; sourceTree = BUILT_PRODUCTS_DIR; };
		913FC46D1D26B2A10013CF6E /* On the MapUITests.xctest */ = {isa = PBXFileReference; explicitFileType = wrapper.cfbundle; includeInIndex = 0; path = "On the MapUITests.xctest"; sourceTree = BUILT_PRODUCTS_DIR; };
		9180A8941D2BF7110022898B /* LoginViewController.swift */ = {isa = PBXFileReference; fileEncoding = 4; lastKnownFileType = sourcecode.swift; path = LoginViewController.swift; sourceTree = "<group>"; };
		9180A8961D2BFC630022898B /* MapViewController.swift */ = {isa = PBXFileReference; fileEncoding = 4; lastKnownFileType = sourcecode.swift; path = MapViewController.swift; sourceTree = "<group>"; };
		9180A89A1D2C2F8D0022898B /* MapKit.framework */ = {isa = PBXFileReference; lastKnownFileType = wrapper.framework; name = MapKit.framework; path = System/Library/Frameworks/MapKit.framework; sourceTree = SDKROOT; };
		9180A89C1D2C35BF0022898B /* TabBarController.swift */ = {isa = PBXFileReference; fileEncoding = 4; lastKnownFileType = sourcecode.swift; path = TabBarController.swift; sourceTree = "<group>"; };
		91D8EB741D2EE29B0041998E /* PinTableViewController.swift */ = {isa = PBXFileReference; fileEncoding = 4; lastKnownFileType = sourcecode.swift; name = PinTableViewController.swift; path = ../PinTableViewController.swift; sourceTree = "<group>"; };
		91D8EB7A1D3005E90041998E /* InformationPostingViewController.swift */ = {isa = PBXFileReference; fileEncoding = 4; lastKnownFileType = sourcecode.swift; path = InformationPostingViewController.swift; sourceTree = "<group>"; };
		91D8EB7C1D3021A80041998E /* SubmitPostingViewController.swift */ = {isa = PBXFileReference; fileEncoding = 4; lastKnownFileType = sourcecode.swift; path = SubmitPostingViewController.swift; sourceTree = "<group>"; };
		91D8EB7E1D341F2E0041998E /* StringExtension.swift */ = {isa = PBXFileReference; fileEncoding = 4; lastKnownFileType = sourcecode.swift; path = StringExtension.swift; sourceTree = "<group>"; };
		91D8EB821D344B1B0041998E /* ConvenienceFunctions.swift */ = {isa = PBXFileReference; fileEncoding = 4; lastKnownFileType = sourcecode.swift; name = ConvenienceFunctions.swift; path = ../ConvenienceFunctions.swift; sourceTree = "<group>"; };
		91D8EB841D3544780041998E /* StudentInformation.swift */ = {isa = PBXFileReference; fileEncoding = 4; lastKnownFileType = sourcecode.swift; path = StudentInformation.swift; sourceTree = "<group>"; };
		91D8EB861D3814D00041998E /* GCDBlackBox.swift */ = {isa = PBXFileReference; fileEncoding = 4; lastKnownFileType = sourcecode.swift; path = GCDBlackBox.swift; sourceTree = "<group>"; };
		91D8EB891D3816000041998E /* ParseClient.swift */ = {isa = PBXFileReference; fileEncoding = 4; lastKnownFileType = sourcecode.swift; path = ParseClient.swift; sourceTree = "<group>"; };
		91D8EB8F1D3942480041998E /* ParseConstants.swift */ = {isa = PBXFileReference; fileEncoding = 4; lastKnownFileType = sourcecode.swift; path = ParseConstants.swift; sourceTree = "<group>"; };
		91D8EB911D395CC00041998E /* ParseConvenience.swift */ = {isa = PBXFileReference; fileEncoding = 4; lastKnownFileType = sourcecode.swift; path = ParseConvenience.swift; sourceTree = "<group>"; };
		91D8EB951D39847D0041998E /* UdacityClient.swift */ = {isa = PBXFileReference; fileEncoding = 4; lastKnownFileType = sourcecode.swift; path = UdacityClient.swift; sourceTree = "<group>"; };
		91D8EB971D3987470041998E /* UdacityConstants.swift */ = {isa = PBXFileReference; fileEncoding = 4; lastKnownFileType = sourcecode.swift; path = UdacityConstants.swift; sourceTree = "<group>"; };
		91D8EB991D3992160041998E /* UdacityConvenience.swift */ = {isa = PBXFileReference; fileEncoding = 4; lastKnownFileType = sourcecode.swift; path = UdacityConvenience.swift; sourceTree = "<group>"; };
/* End PBXFileReference section */

/* Begin PBXFrameworksBuildPhase section */
		913FC4481D26B2A10013CF6E /* Frameworks */ = {
			isa = PBXFrameworksBuildPhase;
			buildActionMask = 2147483647;
			files = (
				9180A89B1D2C2F8D0022898B /* MapKit.framework in Frameworks */,
			);
			runOnlyForDeploymentPostprocessing = 0;
		};
		913FC45F1D26B2A10013CF6E /* Frameworks */ = {
			isa = PBXFrameworksBuildPhase;
			buildActionMask = 2147483647;
			files = (
			);
			runOnlyForDeploymentPostprocessing = 0;
		};
		913FC46A1D26B2A10013CF6E /* Frameworks */ = {
			isa = PBXFrameworksBuildPhase;
			buildActionMask = 2147483647;
			files = (
			);
			runOnlyForDeploymentPostprocessing = 0;
		};
/* End PBXFrameworksBuildPhase section */

/* Begin PBXGroup section */
		913FC4421D26B2A10013CF6E = {
			isa = PBXGroup;
			children = (
				9180A89A1D2C2F8D0022898B /* MapKit.framework */,
				913FC44D1D26B2A10013CF6E /* On the Map */,
				913FC44C1D26B2A10013CF6E /* Products */,
			);
			sourceTree = "<group>";
		};
		913FC44C1D26B2A10013CF6E /* Products */ = {
			isa = PBXGroup;
			children = (
				913FC44B1D26B2A10013CF6E /* On the Map.app */,
				913FC4621D26B2A10013CF6E /* On the MapTests.xctest */,
				913FC46D1D26B2A10013CF6E /* On the MapUITests.xctest */,
			);
			name = Products;
			sourceTree = "<group>";
		};
		913FC44D1D26B2A10013CF6E /* On the Map */ = {
			isa = PBXGroup;
			children = (
				913FC44E1D26B2A10013CF6E /* AppDelegate.swift */,
				91D8EB861D3814D00041998E /* GCDBlackBox.swift */,
				91D8EB881D3815820041998E /* Controller */,
				91D8EB8B1D38160C0041998E /* Model */,
				913FC4581D26B2A10013CF6E /* Assets.xcassets */,
				913FC4521D26B2A10013CF6E /* Main.storyboard */,
				91D8EB821D344B1B0041998E /* ConvenienceFunctions.swift */,
				91D8EB7E1D341F2E0041998E /* StringExtension.swift */,
				913FC45A1D26B2A10013CF6E /* LaunchScreen.storyboard */,
				913FC45D1D26B2A10013CF6E /* Info.plist */,
				913FC4551D26B2A10013CF6E /* On_the_Map.xcdatamodeld */,
			);
			path = "On the Map";
			sourceTree = "<group>";
		};
		91D8EB881D3815820041998E /* Controller */ = {
			isa = PBXGroup;
			children = (
				9180A8941D2BF7110022898B /* LoginViewController.swift */,
				9180A89C1D2C35BF0022898B /* TabBarController.swift */,
				9180A8961D2BFC630022898B /* MapViewController.swift */,
				91D8EB741D2EE29B0041998E /* PinTableViewController.swift */,
				91D8EB7A1D3005E90041998E /* InformationPostingViewController.swift */,
				91D8EB7C1D3021A80041998E /* SubmitPostingViewController.swift */,
			);
			name = Controller;
			sourceTree = "<group>";
		};
		91D8EB8B1D38160C0041998E /* Model */ = {
			isa = PBXGroup;
			children = (
				91D8EB841D3544780041998E /* StudentInformation.swift */,
				91214D7E1D3E6A8B004DBE39 /* StorageModel.swift */,
				91D8EB8C1D3816170041998E /* Clients */,
			);
			name = Model;
			sourceTree = "<group>";
		};
		91D8EB8C1D3816170041998E /* Clients */ = {
			isa = PBXGroup;
			children = (
				91D8EB941D3984630041998E /* Udacity */,
				91D8EB8E1D38164C0041998E /* Parse */,
			);
			name = Clients;
			sourceTree = "<group>";
		};
		91D8EB8E1D38164C0041998E /* Parse */ = {
			isa = PBXGroup;
			children = (
				91D8EB891D3816000041998E /* ParseClient.swift */,
				91D8EB8F1D3942480041998E /* ParseConstants.swift */,
				91D8EB911D395CC00041998E /* ParseConvenience.swift */,
			);
			name = Parse;
			sourceTree = "<group>";
		};
		91D8EB941D3984630041998E /* Udacity */ = {
			isa = PBXGroup;
			children = (
				91D8EB951D39847D0041998E /* UdacityClient.swift */,
				91D8EB971D3987470041998E /* UdacityConstants.swift */,
				91D8EB991D3992160041998E /* UdacityConvenience.swift */,
			);
			name = Udacity;
			sourceTree = "<group>";
		};
/* End PBXGroup section */

/* Begin PBXNativeTarget section */
		913FC44A1D26B2A10013CF6E /* On the Map */ = {
			isa = PBXNativeTarget;
			buildConfigurationList = 913FC4761D26B2A10013CF6E /* Build configuration list for PBXNativeTarget "On the Map" */;
			buildPhases = (
				913FC4471D26B2A10013CF6E /* Sources */,
				913FC4481D26B2A10013CF6E /* Frameworks */,
				913FC4491D26B2A10013CF6E /* Resources */,
			);
			buildRules = (
			);
			dependencies = (
			);
			name = "On the Map";
			productName = "On the Map";
			productReference = 913FC44B1D26B2A10013CF6E /* On the Map.app */;
			productType = "com.apple.product-type.application";
		};
		913FC4611D26B2A10013CF6E /* On the MapTests */ = {
			isa = PBXNativeTarget;
			buildConfigurationList = 913FC4791D26B2A10013CF6E /* Build configuration list for PBXNativeTarget "On the MapTests" */;
			buildPhases = (
				913FC45E1D26B2A10013CF6E /* Sources */,
				913FC45F1D26B2A10013CF6E /* Frameworks */,
				913FC4601D26B2A10013CF6E /* Resources */,
			);
			buildRules = (
			);
			dependencies = (
				913FC4641D26B2A10013CF6E /* PBXTargetDependency */,
			);
			name = "On the MapTests";
			productName = "On the MapTests";
			productReference = 913FC4621D26B2A10013CF6E /* On the MapTests.xctest */;
			productType = "com.apple.product-type.bundle.unit-test";
		};
		913FC46C1D26B2A10013CF6E /* On the MapUITests */ = {
			isa = PBXNativeTarget;
			buildConfigurationList = 913FC47C1D26B2A10013CF6E /* Build configuration list for PBXNativeTarget "On the MapUITests" */;
			buildPhases = (
				913FC4691D26B2A10013CF6E /* Sources */,
				913FC46A1D26B2A10013CF6E /* Frameworks */,
				913FC46B1D26B2A10013CF6E /* Resources */,
			);
			buildRules = (
			);
			dependencies = (
				913FC46F1D26B2A10013CF6E /* PBXTargetDependency */,
			);
			name = "On the MapUITests";
			productName = "On the MapUITests";
			productReference = 913FC46D1D26B2A10013CF6E /* On the MapUITests.xctest */;
			productType = "com.apple.product-type.bundle.ui-testing";
		};
/* End PBXNativeTarget section */

/* Begin PBXProject section */
		913FC4431D26B2A10013CF6E /* Project object */ = {
			isa = PBXProject;
			attributes = {
				LastSwiftUpdateCheck = 0730;
				LastUpgradeCheck = 0800;
				ORGANIZATIONNAME = Bennett;
				TargetAttributes = {
					913FC44A1D26B2A10013CF6E = {
						CreatedOnToolsVersion = 7.3.1;
						DevelopmentTeam = L6BTPYG3M7;
						LastSwiftMigration = 0800;
					};
					913FC4611D26B2A10013CF6E = {
						CreatedOnToolsVersion = 7.3.1;
						DevelopmentTeam = L6BTPYG3M7;
						LastSwiftMigration = 0800;
						TestTargetID = 913FC44A1D26B2A10013CF6E;
					};
					913FC46C1D26B2A10013CF6E = {
						CreatedOnToolsVersion = 7.3.1;
						DevelopmentTeam = L6BTPYG3M7;
						LastSwiftMigration = 0800;
						TestTargetID = 913FC44A1D26B2A10013CF6E;
					};
				};
			};
			buildConfigurationList = 913FC4461D26B2A10013CF6E /* Build configuration list for PBXProject "On the Map" */;
			compatibilityVersion = "Xcode 3.2";
			developmentRegion = English;
			hasScannedForEncodings = 0;
			knownRegions = (
				en,
				Base,
			);
			mainGroup = 913FC4421D26B2A10013CF6E;
			productRefGroup = 913FC44C1D26B2A10013CF6E /* Products */;
			projectDirPath = "";
			projectRoot = "";
			targets = (
				913FC44A1D26B2A10013CF6E /* On the Map */,
				913FC4611D26B2A10013CF6E /* On the MapTests */,
				913FC46C1D26B2A10013CF6E /* On the MapUITests */,
			);
		};
/* End PBXProject section */

/* Begin PBXResourcesBuildPhase section */
		913FC4491D26B2A10013CF6E /* Resources */ = {
			isa = PBXResourcesBuildPhase;
			buildActionMask = 2147483647;
			files = (
				913FC45C1D26B2A10013CF6E /* LaunchScreen.storyboard in Resources */,
				913FC4591D26B2A10013CF6E /* Assets.xcassets in Resources */,
				913FC4541D26B2A10013CF6E /* Main.storyboard in Resources */,
			);
			runOnlyForDeploymentPostprocessing = 0;
		};
		913FC4601D26B2A10013CF6E /* Resources */ = {
			isa = PBXResourcesBuildPhase;
			buildActionMask = 2147483647;
			files = (
			);
			runOnlyForDeploymentPostprocessing = 0;
		};
		913FC46B1D26B2A10013CF6E /* Resources */ = {
			isa = PBXResourcesBuildPhase;
			buildActionMask = 2147483647;
			files = (
			);
			runOnlyForDeploymentPostprocessing = 0;
		};
/* End PBXResourcesBuildPhase section */

/* Begin PBXSourcesBuildPhase section */
		913FC4471D26B2A10013CF6E /* Sources */ = {
			isa = PBXSourcesBuildPhase;
			buildActionMask = 2147483647;
			files = (
				91D8EB851D3544780041998E /* StudentInformation.swift in Sources */,
				9180A8951D2BF7110022898B /* LoginViewController.swift in Sources */,
				91D8EB8A1D3816000041998E /* ParseClient.swift in Sources */,
				91D8EB751D2EE29B0041998E /* PinTableViewController.swift in Sources */,
				91D8EB7F1D341F2E0041998E /* StringExtension.swift in Sources */,
				91D8EB9A1D3992160041998E /* UdacityConvenience.swift in Sources */,
				91D8EB981D3987470041998E /* UdacityConstants.swift in Sources */,
				91D8EB7B1D3005E90041998E /* InformationPostingViewController.swift in Sources */,
				913FC4571D26B2A10013CF6E /* On_the_Map.xcdatamodeld in Sources */,
				91D8EB961D39847D0041998E /* UdacityClient.swift in Sources */,
				91214D7F1D3E6A8B004DBE39 /* StorageModel.swift in Sources */,
				913FC44F1D26B2A10013CF6E /* AppDelegate.swift in Sources */,
				91D8EB901D3942480041998E /* ParseConstants.swift in Sources */,
				91D8EB921D395CC00041998E /* ParseConvenience.swift in Sources */,
				91D8EB7D1D3021A80041998E /* SubmitPostingViewController.swift in Sources */,
				91D8EB831D344B1B0041998E /* ConvenienceFunctions.swift in Sources */,
				9180A89D1D2C35BF0022898B /* TabBarController.swift in Sources */,
				9180A8971D2BFC630022898B /* MapViewController.swift in Sources */,
				91D8EB871D3814D00041998E /* GCDBlackBox.swift in Sources */,
			);
			runOnlyForDeploymentPostprocessing = 0;
		};
		913FC45E1D26B2A10013CF6E /* Sources */ = {
			isa = PBXSourcesBuildPhase;
			buildActionMask = 2147483647;
			files = (
			);
			runOnlyForDeploymentPostprocessing = 0;
		};
		913FC4691D26B2A10013CF6E /* Sources */ = {
			isa = PBXSourcesBuildPhase;
			buildActionMask = 2147483647;
			files = (
			);
			runOnlyForDeploymentPostprocessing = 0;
		};
/* End PBXSourcesBuildPhase section */

/* Begin PBXTargetDependency section */
		913FC4641D26B2A10013CF6E /* PBXTargetDependency */ = {
			isa = PBXTargetDependency;
			target = 913FC44A1D26B2A10013CF6E /* On the Map */;
			targetProxy = 913FC4631D26B2A10013CF6E /* PBXContainerItemProxy */;
		};
		913FC46F1D26B2A10013CF6E /* PBXTargetDependency */ = {
			isa = PBXTargetDependency;
			target = 913FC44A1D26B2A10013CF6E /* On the Map */;
			targetProxy = 913FC46E1D26B2A10013CF6E /* PBXContainerItemProxy */;
		};
/* End PBXTargetDependency section */

/* Begin PBXVariantGroup section */
		913FC4521D26B2A10013CF6E /* Main.storyboard */ = {
			isa = PBXVariantGroup;
			children = (
				913FC4531D26B2A10013CF6E /* Base */,
			);
			name = Main.storyboard;
			sourceTree = "<group>";
		};
		913FC45A1D26B2A10013CF6E /* LaunchScreen.storyboard */ = {
			isa = PBXVariantGroup;
			children = (
				913FC45B1D26B2A10013CF6E /* Base */,
			);
			name = LaunchScreen.storyboard;
			sourceTree = "<group>";
		};
/* End PBXVariantGroup section */

/* Begin XCBuildConfiguration section */
		913FC4741D26B2A10013CF6E /* Debug */ = {
			isa = XCBuildConfiguration;
			buildSettings = {
				ALWAYS_SEARCH_USER_PATHS = NO;
				CLANG_ANALYZER_NONNULL = YES;
				CLANG_CXX_LANGUAGE_STANDARD = "gnu++0x";
				CLANG_CXX_LIBRARY = "libc++";
				CLANG_ENABLE_MODULES = YES;
				CLANG_ENABLE_OBJC_ARC = YES;
				CLANG_WARN_BOOL_CONVERSION = YES;
				CLANG_WARN_CONSTANT_CONVERSION = YES;
				CLANG_WARN_DIRECT_OBJC_ISA_USAGE = YES_ERROR;
				CLANG_WARN_EMPTY_BODY = YES;
				CLANG_WARN_ENUM_CONVERSION = YES;
				CLANG_WARN_INFINITE_RECURSION = YES;
				CLANG_WARN_INT_CONVERSION = YES;
				CLANG_WARN_OBJC_ROOT_CLASS = YES_ERROR;
				CLANG_WARN_SUSPICIOUS_MOVE = YES;
				CLANG_WARN_UNREACHABLE_CODE = YES;
				CLANG_WARN__DUPLICATE_METHOD_MATCH = YES;
				"CODE_SIGN_IDENTITY[sdk=iphoneos*]" = "iPhone Developer";
				COPY_PHASE_STRIP = NO;
				DEBUG_INFORMATION_FORMAT = dwarf;
				ENABLE_STRICT_OBJC_MSGSEND = YES;
				ENABLE_TESTABILITY = YES;
				GCC_C_LANGUAGE_STANDARD = gnu99;
				GCC_DYNAMIC_NO_PIC = NO;
				GCC_NO_COMMON_BLOCKS = YES;
				GCC_OPTIMIZATION_LEVEL = 0;
				GCC_PREPROCESSOR_DEFINITIONS = (
					"DEBUG=1",
					"$(inherited)",
				);
				GCC_WARN_64_TO_32_BIT_CONVERSION = YES;
				GCC_WARN_ABOUT_RETURN_TYPE = YES_ERROR;
				GCC_WARN_UNDECLARED_SELECTOR = YES;
				GCC_WARN_UNINITIALIZED_AUTOS = YES_AGGRESSIVE;
				GCC_WARN_UNUSED_FUNCTION = YES;
				GCC_WARN_UNUSED_VARIABLE = YES;
				IPHONEOS_DEPLOYMENT_TARGET = 10.0;
				MTL_ENABLE_DEBUG_INFO = YES;
				ONLY_ACTIVE_ARCH = YES;
				SDKROOT = iphoneos;
				SWIFT_OPTIMIZATION_LEVEL = "-Onone";
			};
			name = Debug;
		};
		913FC4751D26B2A10013CF6E /* Release */ = {
			isa = XCBuildConfiguration;
			buildSettings = {
				ALWAYS_SEARCH_USER_PATHS = NO;
				CLANG_ANALYZER_NONNULL = YES;
				CLANG_CXX_LANGUAGE_STANDARD = "gnu++0x";
				CLANG_CXX_LIBRARY = "libc++";
				CLANG_ENABLE_MODULES = YES;
				CLANG_ENABLE_OBJC_ARC = YES;
				CLANG_WARN_BOOL_CONVERSION = YES;
				CLANG_WARN_CONSTANT_CONVERSION = YES;
				CLANG_WARN_DIRECT_OBJC_ISA_USAGE = YES_ERROR;
				CLANG_WARN_EMPTY_BODY = YES;
				CLANG_WARN_ENUM_CONVERSION = YES;
				CLANG_WARN_INFINITE_RECURSION = YES;
				CLANG_WARN_INT_CONVERSION = YES;
				CLANG_WARN_OBJC_ROOT_CLASS = YES_ERROR;
				CLANG_WARN_SUSPICIOUS_MOVE = YES;
				CLANG_WARN_UNREACHABLE_CODE = YES;
				CLANG_WARN__DUPLICATE_METHOD_MATCH = YES;
				"CODE_SIGN_IDENTITY[sdk=iphoneos*]" = "iPhone Developer";
				COPY_PHASE_STRIP = NO;
				DEBUG_INFORMATION_FORMAT = "dwarf-with-dsym";
				ENABLE_NS_ASSERTIONS = NO;
				ENABLE_STRICT_OBJC_MSGSEND = YES;
				GCC_C_LANGUAGE_STANDARD = gnu99;
				GCC_NO_COMMON_BLOCKS = YES;
				GCC_WARN_64_TO_32_BIT_CONVERSION = YES;
				GCC_WARN_ABOUT_RETURN_TYPE = YES_ERROR;
				GCC_WARN_UNDECLARED_SELECTOR = YES;
				GCC_WARN_UNINITIALIZED_AUTOS = YES_AGGRESSIVE;
				GCC_WARN_UNUSED_FUNCTION = YES;
				GCC_WARN_UNUSED_VARIABLE = YES;
				IPHONEOS_DEPLOYMENT_TARGET = 10.0;
				MTL_ENABLE_DEBUG_INFO = NO;
				SDKROOT = iphoneos;
				SWIFT_OPTIMIZATION_LEVEL = "-Owholemodule";
				VALIDATE_PRODUCT = YES;
			};
			name = Release;
		};
		913FC4771D26B2A10013CF6E /* Debug */ = {
			isa = XCBuildConfiguration;
			buildSettings = {
				ASSETCATALOG_COMPILER_APPICON_NAME = AppIcon;
				INFOPLIST_FILE = "On the Map/Info.plist";
				LD_RUNPATH_SEARCH_PATHS = "$(inherited) @executable_path/Frameworks";
				PRODUCT_BUNDLE_IDENTIFIER = "com.Bennett.On-the-Map";
				PRODUCT_NAME = "$(TARGET_NAME)";
				SWIFT_VERSION = 3.0;
			};
			name = Debug;
		};
		913FC4781D26B2A10013CF6E /* Release */ = {
			isa = XCBuildConfiguration;
			buildSettings = {
				ASSETCATALOG_COMPILER_APPICON_NAME = AppIcon;
				INFOPLIST_FILE = "On the Map/Info.plist";
				LD_RUNPATH_SEARCH_PATHS = "$(inherited) @executable_path/Frameworks";
				PRODUCT_BUNDLE_IDENTIFIER = "com.Bennett.On-the-Map";
				PRODUCT_NAME = "$(TARGET_NAME)";
				SWIFT_VERSION = 3.0;
			};
			name = Release;
		};
		913FC47A1D26B2A10013CF6E /* Debug */ = {
			isa = XCBuildConfiguration;
			buildSettings = {
				BUNDLE_LOADER = "$(TEST_HOST)";
				INFOPLIST_FILE = "On the MapTests/Info.plist";
				LD_RUNPATH_SEARCH_PATHS = "$(inherited) @executable_path/Frameworks @loader_path/Frameworks";
				PRODUCT_BUNDLE_IDENTIFIER = "com.Bennett.On-the-MapTests";
				PRODUCT_NAME = "$(TARGET_NAME)";
				SWIFT_VERSION = 2.3;
				TEST_HOST = "$(BUILT_PRODUCTS_DIR)/On the Map.app/On the Map";
			};
			name = Debug;
		};
		913FC47B1D26B2A10013CF6E /* Release */ = {
			isa = XCBuildConfiguration;
			buildSettings = {
				BUNDLE_LOADER = "$(TEST_HOST)";
				INFOPLIST_FILE = "On the MapTests/Info.plist";
				LD_RUNPATH_SEARCH_PATHS = "$(inherited) @executable_path/Frameworks @loader_path/Frameworks";
				PRODUCT_BUNDLE_IDENTIFIER = "com.Bennett.On-the-MapTests";
				PRODUCT_NAME = "$(TARGET_NAME)";
				SWIFT_VERSION = 2.3;
				TEST_HOST = "$(BUILT_PRODUCTS_DIR)/On the Map.app/On the Map";
			};
			name = Release;
		};
		913FC47D1D26B2A10013CF6E /* Debug */ = {
			isa = XCBuildConfiguration;
			buildSettings = {
				INFOPLIST_FILE = "On the MapUITests/Info.plist";
				LD_RUNPATH_SEARCH_PATHS = "$(inherited) @executable_path/Frameworks @loader_path/Frameworks";
				PRODUCT_BUNDLE_IDENTIFIER = "com.Bennett.On-the-MapUITests";
				PRODUCT_NAME = "$(TARGET_NAME)";
				SWIFT_VERSION = 2.3;
				TEST_TARGET_NAME = "On the Map";
			};
			name = Debug;
		};
		913FC47E1D26B2A10013CF6E /* Release */ = {
			isa = XCBuildConfiguration;
			buildSettings = {
				INFOPLIST_FILE = "On the MapUITests/Info.plist";
				LD_RUNPATH_SEARCH_PATHS = "$(inherited) @executable_path/Frameworks @loader_path/Frameworks";
				PRODUCT_BUNDLE_IDENTIFIER = "com.Bennett.On-the-MapUITests";
				PRODUCT_NAME = "$(TARGET_NAME)";
				SWIFT_VERSION = 2.3;
				TEST_TARGET_NAME = "On the Map";
			};
			name = Release;
		};
/* End XCBuildConfiguration section */

/* Begin XCConfigurationList section */
		913FC4461D26B2A10013CF6E /* Build configuration list for PBXProject "On the Map" */ = {
			isa = XCConfigurationList;
			buildConfigurations = (
				913FC4741D26B2A10013CF6E /* Debug */,
				913FC4751D26B2A10013CF6E /* Release */,
			);
			defaultConfigurationIsVisible = 0;
			defaultConfigurationName = Release;
		};
		913FC4761D26B2A10013CF6E /* Build configuration list for PBXNativeTarget "On the Map" */ = {
			isa = XCConfigurationList;
			buildConfigurations = (
				913FC4771D26B2A10013CF6E /* Debug */,
				913FC4781D26B2A10013CF6E /* Release */,
			);
			defaultConfigurationIsVisible = 0;
			defaultConfigurationName = Release;
		};
		913FC4791D26B2A10013CF6E /* Build configuration list for PBXNativeTarget "On the MapTests" */ = {
			isa = XCConfigurationList;
			buildConfigurations = (
				913FC47A1D26B2A10013CF6E /* Debug */,
				913FC47B1D26B2A10013CF6E /* Release */,
			);
			defaultConfigurationIsVisible = 0;
			defaultConfigurationName = Release;
		};
		913FC47C1D26B2A10013CF6E /* Build configuration list for PBXNativeTarget "On the MapUITests" */ = {
			isa = XCConfigurationList;
			buildConfigurations = (
				913FC47D1D26B2A10013CF6E /* Debug */,
				913FC47E1D26B2A10013CF6E /* Release */,
			);
			defaultConfigurationIsVisible = 0;
			defaultConfigurationName = Release;
		};
/* End XCConfigurationList section */

/* Begin XCVersionGroup section */
		913FC4551D26B2A10013CF6E /* On_the_Map.xcdatamodeld */ = {
			isa = XCVersionGroup;
			children = (
				913FC4561D26B2A10013CF6E /* On_the_Map.xcdatamodel */,
			);
			currentVersion = 913FC4561D26B2A10013CF6E /* On_the_Map.xcdatamodel */;
			path = On_the_Map.xcdatamodeld;
			sourceTree = "<group>";
			versionGroupType = wrapper.xcdatamodel;
		};
/* End XCVersionGroup section */
	};
	rootObject = 913FC4431D26B2A10013CF6E /* Project object */;
}
